
Microsoft Visual Studio Solution File, Format Version 12.00
# Visual Studio 15
VisualStudioVersion = 15.0.26124.0
MinimumVisualStudioVersion = 15.0.26124.0
Project("{F2A71F9B-5D33-465A-A702-920D77279786}") = "ABC053_B", "ABC053_B\ABC053_B.fsproj", "{0A516D66-C900-4A81-80C4-118267C9C136}"
EndProject
Project("{F2A71F9B-5D33-465A-A702-920D77279786}") = "ABC140_C", "ABC140_C\ABC140_C.fsproj", "{3DE8FD7F-A3D4-4B1B-B472-74C60719421B}"
EndProject
Project("{F2A71F9B-5D33-465A-A702-920D77279786}") = "Abc103B", "Abc103B\Abc103B.fsproj", "{F4F46FB7-1C26-411C-8F16-198329256F65}"
EndProject
Project("{F2A71F9B-5D33-465A-A702-920D77279786}") = "Abc113B", "Abc113B\Abc113B.fsproj", "{793E71F8-3E65-4B74-8182-8101450AA2A8}"
EndProject
Project("{F2A71F9B-5D33-465A-A702-920D77279786}") = "Abc059B", "Abc059B\Abc059B.fsproj", "{1508DFD7-8615-4966-8FAB-839CFCBCC461}"
EndProject
Project("{F2A71F9B-5D33-465A-A702-920D77279786}") = "Abc044B", "Abc044B\Abc044B.fsproj", "{9FE820A5-06A2-45D6-B169-2D1278FA3309}"
EndProject
Project("{F2A71F9B-5D33-465A-A702-920D77279786}") = "Abc044Banother", "Abc044Banother\Abc044Banother.fsproj", "{9F533FEB-FD28-449F-9EF8-DF9E8DE188E7}"
EndProject
Global
	GlobalSection(SolutionConfigurationPlatforms) = preSolution
		Debug|Any CPU = Debug|Any CPU
		Debug|x64 = Debug|x64
		Debug|x86 = Debug|x86
		Release|Any CPU = Release|Any CPU
		Release|x64 = Release|x64
		Release|x86 = Release|x86
	EndGlobalSection
	GlobalSection(SolutionProperties) = preSolution
		HideSolutionNode = FALSE
	EndGlobalSection
	GlobalSection(ProjectConfigurationPlatforms) = postSolution
		{0A516D66-C900-4A81-80C4-118267C9C136}.Debug|Any CPU.ActiveCfg = Debug|Any CPU
		{0A516D66-C900-4A81-80C4-118267C9C136}.Debug|Any CPU.Build.0 = Debug|Any CPU
		{0A516D66-C900-4A81-80C4-118267C9C136}.Debug|x64.ActiveCfg = Debug|Any CPU
		{0A516D66-C900-4A81-80C4-118267C9C136}.Debug|x64.Build.0 = Debug|Any CPU
		{0A516D66-C900-4A81-80C4-118267C9C136}.Debug|x86.ActiveCfg = Debug|Any CPU
		{0A516D66-C900-4A81-80C4-118267C9C136}.Debug|x86.Build.0 = Debug|Any CPU
		{0A516D66-C900-4A81-80C4-118267C9C136}.Release|Any CPU.ActiveCfg = Release|Any CPU
		{0A516D66-C900-4A81-80C4-118267C9C136}.Release|Any CPU.Build.0 = Release|Any CPU
		{0A516D66-C900-4A81-80C4-118267C9C136}.Release|x64.ActiveCfg = Release|Any CPU
		{0A516D66-C900-4A81-80C4-118267C9C136}.Release|x64.Build.0 = Release|Any CPU
		{0A516D66-C900-4A81-80C4-118267C9C136}.Release|x86.ActiveCfg = Release|Any CPU
		{0A516D66-C900-4A81-80C4-118267C9C136}.Release|x86.Build.0 = Release|Any CPU
		{3DE8FD7F-A3D4-4B1B-B472-74C60719421B}.Debug|Any CPU.ActiveCfg = Debug|Any CPU
		{3DE8FD7F-A3D4-4B1B-B472-74C60719421B}.Debug|Any CPU.Build.0 = Debug|Any CPU
		{3DE8FD7F-A3D4-4B1B-B472-74C60719421B}.Debug|x64.ActiveCfg = Debug|Any CPU
		{3DE8FD7F-A3D4-4B1B-B472-74C60719421B}.Debug|x64.Build.0 = Debug|Any CPU
		{3DE8FD7F-A3D4-4B1B-B472-74C60719421B}.Debug|x86.ActiveCfg = Debug|Any CPU
		{3DE8FD7F-A3D4-4B1B-B472-74C60719421B}.Debug|x86.Build.0 = Debug|Any CPU
		{3DE8FD7F-A3D4-4B1B-B472-74C60719421B}.Release|Any CPU.ActiveCfg = Release|Any CPU
		{3DE8FD7F-A3D4-4B1B-B472-74C60719421B}.Release|Any CPU.Build.0 = Release|Any CPU
		{3DE8FD7F-A3D4-4B1B-B472-74C60719421B}.Release|x64.ActiveCfg = Release|Any CPU
		{3DE8FD7F-A3D4-4B1B-B472-74C60719421B}.Release|x64.Build.0 = Release|Any CPU
		{3DE8FD7F-A3D4-4B1B-B472-74C60719421B}.Release|x86.ActiveCfg = Release|Any CPU
		{3DE8FD7F-A3D4-4B1B-B472-74C60719421B}.Release|x86.Build.0 = Release|Any CPU
		{F4F46FB7-1C26-411C-8F16-198329256F65}.Debug|Any CPU.ActiveCfg = Debug|Any CPU
		{F4F46FB7-1C26-411C-8F16-198329256F65}.Debug|Any CPU.Build.0 = Debug|Any CPU
		{F4F46FB7-1C26-411C-8F16-198329256F65}.Debug|x64.ActiveCfg = Debug|Any CPU
		{F4F46FB7-1C26-411C-8F16-198329256F65}.Debug|x64.Build.0 = Debug|Any CPU
		{F4F46FB7-1C26-411C-8F16-198329256F65}.Debug|x86.ActiveCfg = Debug|Any CPU
		{F4F46FB7-1C26-411C-8F16-198329256F65}.Debug|x86.Build.0 = Debug|Any CPU
		{F4F46FB7-1C26-411C-8F16-198329256F65}.Release|Any CPU.ActiveCfg = Release|Any CPU
		{F4F46FB7-1C26-411C-8F16-198329256F65}.Release|Any CPU.Build.0 = Release|Any CPU
		{F4F46FB7-1C26-411C-8F16-198329256F65}.Release|x64.ActiveCfg = Release|Any CPU
		{F4F46FB7-1C26-411C-8F16-198329256F65}.Release|x64.Build.0 = Release|Any CPU
		{F4F46FB7-1C26-411C-8F16-198329256F65}.Release|x86.ActiveCfg = Release|Any CPU
		{F4F46FB7-1C26-411C-8F16-198329256F65}.Release|x86.Build.0 = Release|Any CPU
		{793E71F8-3E65-4B74-8182-8101450AA2A8}.Debug|Any CPU.ActiveCfg = Debug|Any CPU
		{793E71F8-3E65-4B74-8182-8101450AA2A8}.Debug|Any CPU.Build.0 = Debug|Any CPU
		{793E71F8-3E65-4B74-8182-8101450AA2A8}.Debug|x64.ActiveCfg = Debug|Any CPU
		{793E71F8-3E65-4B74-8182-8101450AA2A8}.Debug|x64.Build.0 = Debug|Any CPU
		{793E71F8-3E65-4B74-8182-8101450AA2A8}.Debug|x86.ActiveCfg = Debug|Any CPU
		{793E71F8-3E65-4B74-8182-8101450AA2A8}.Debug|x86.Build.0 = Debug|Any CPU
		{793E71F8-3E65-4B74-8182-8101450AA2A8}.Release|Any CPU.ActiveCfg = Release|Any CPU
		{793E71F8-3E65-4B74-8182-8101450AA2A8}.Release|Any CPU.Build.0 = Release|Any CPU
		{793E71F8-3E65-4B74-8182-8101450AA2A8}.Release|x64.ActiveCfg = Release|Any CPU
		{793E71F8-3E65-4B74-8182-8101450AA2A8}.Release|x64.Build.0 = Release|Any CPU
		{793E71F8-3E65-4B74-8182-8101450AA2A8}.Release|x86.ActiveCfg = Release|Any CPU
		{793E71F8-3E65-4B74-8182-8101450AA2A8}.Release|x86.Build.0 = Release|Any CPU
		{1508DFD7-8615-4966-8FAB-839CFCBCC461}.Debug|Any CPU.ActiveCfg = Debug|Any CPU
		{1508DFD7-8615-4966-8FAB-839CFCBCC461}.Debug|Any CPU.Build.0 = Debug|Any CPU
		{1508DFD7-8615-4966-8FAB-839CFCBCC461}.Debug|x64.ActiveCfg = Debug|Any CPU
		{1508DFD7-8615-4966-8FAB-839CFCBCC461}.Debug|x64.Build.0 = Debug|Any CPU
		{1508DFD7-8615-4966-8FAB-839CFCBCC461}.Debug|x86.ActiveCfg = Debug|Any CPU
		{1508DFD7-8615-4966-8FAB-839CFCBCC461}.Debug|x86.Build.0 = Debug|Any CPU
		{1508DFD7-8615-4966-8FAB-839CFCBCC461}.Release|Any CPU.ActiveCfg = Release|Any CPU
		{1508DFD7-8615-4966-8FAB-839CFCBCC461}.Release|Any CPU.Build.0 = Release|Any CPU
		{1508DFD7-8615-4966-8FAB-839CFCBCC461}.Release|x64.ActiveCfg = Release|Any CPU
		{1508DFD7-8615-4966-8FAB-839CFCBCC461}.Release|x64.Build.0 = Release|Any CPU
		{1508DFD7-8615-4966-8FAB-839CFCBCC461}.Release|x86.ActiveCfg = Release|Any CPU
		{1508DFD7-8615-4966-8FAB-839CFCBCC461}.Release|x86.Build.0 = Release|Any CPU
		{9FE820A5-06A2-45D6-B169-2D1278FA3309}.Debug|Any CPU.ActiveCfg = Debug|Any CPU
		{9FE820A5-06A2-45D6-B169-2D1278FA3309}.Debug|Any CPU.Build.0 = Debug|Any CPU
		{9FE820A5-06A2-45D6-B169-2D1278FA3309}.Debug|x64.ActiveCfg = Debug|Any CPU
		{9FE820A5-06A2-45D6-B169-2D1278FA3309}.Debug|x64.Build.0 = Debug|Any CPU
		{9FE820A5-06A2-45D6-B169-2D1278FA3309}.Debug|x86.ActiveCfg = Debug|Any CPU
		{9FE820A5-06A2-45D6-B169-2D1278FA3309}.Debug|x86.Build.0 = Debug|Any CPU
		{9FE820A5-06A2-45D6-B169-2D1278FA3309}.Release|Any CPU.ActiveCfg = Release|Any CPU
		{9FE820A5-06A2-45D6-B169-2D1278FA3309}.Release|Any CPU.Build.0 = Release|Any CPU
		{9FE820A5-06A2-45D6-B169-2D1278FA3309}.Release|x64.ActiveCfg = Release|Any CPU
		{9FE820A5-06A2-45D6-B169-2D1278FA3309}.Release|x64.Build.0 = Release|Any CPU
		{9FE820A5-06A2-45D6-B169-2D1278FA3309}.Release|x86.ActiveCfg = Release|Any CPU
		{9FE820A5-06A2-45D6-B169-2D1278FA3309}.Release|x86.Build.0 = Release|Any CPU
		{9F533FEB-FD28-449F-9EF8-DF9E8DE188E7}.Debug|Any CPU.ActiveCfg = Debug|Any CPU
		{9F533FEB-FD28-449F-9EF8-DF9E8DE188E7}.Debug|Any CPU.Build.0 = Debug|Any CPU
		{9F533FEB-FD28-449F-9EF8-DF9E8DE188E7}.Debug|x64.ActiveCfg = Debug|Any CPU
		{9F533FEB-FD28-449F-9EF8-DF9E8DE188E7}.Debug|x64.Build.0 = Debug|Any CPU
		{9F533FEB-FD28-449F-9EF8-DF9E8DE188E7}.Debug|x86.ActiveCfg = Debug|Any CPU
		{9F533FEB-FD28-449F-9EF8-DF9E8DE188E7}.Debug|x86.Build.0 = Debug|Any CPU
		{9F533FEB-FD28-449F-9EF8-DF9E8DE188E7}.Release|Any CPU.ActiveCfg = Release|Any CPU
		{9F533FEB-FD28-449F-9EF8-DF9E8DE188E7}.Release|Any CPU.Build.0 = Release|Any CPU
		{9F533FEB-FD28-449F-9EF8-DF9E8DE188E7}.Release|x64.ActiveCfg = Release|Any CPU
		{9F533FEB-FD28-449F-9EF8-DF9E8DE188E7}.Release|x64.Build.0 = Release|Any CPU
		{9F533FEB-FD28-449F-9EF8-DF9E8DE188E7}.Release|x86.ActiveCfg = Release|Any CPU
		{9F533FEB-FD28-449F-9EF8-DF9E8DE188E7}.Release|x86.Build.0 = Release|Any CPU
	EndGlobalSection
EndGlobal
