
Microsoft Visual Studio Solution File, Format Version 12.00
# Visual Studio 15
VisualStudioVersion = 15.0.26124.0
MinimumVisualStudioVersion = 15.0.26124.0
Project("{F2A71F9B-5D33-465A-A702-920D77279786}") = "abc022_a", "abc022_a\abc022_a.fsproj", "{85A19A23-146E-497B-823A-776F22FEBFF3}"
EndProject
Project("{F2A71F9B-5D33-465A-A702-920D77279786}") = "arc044_a", "arc044_a\arc044_a.fsproj", "{21FB80A9-49CE-4086-9907-5172F4D21B47}"
EndProject
Project("{F2A71F9B-5D33-465A-A702-920D77279786}") = "arc002_b", "arc002_b\arc002_b.fsproj", "{3A0DD3AC-BC9C-4E5D-83E8-6E928E755CCE}"
EndProject
Project("{F2A71F9B-5D33-465A-A702-920D77279786}") = "Abc063_C", "Abc063_C\Abc063_C.fsproj", "{B459A191-35B6-4C3D-A062-AC56B64CC43C}"
EndProject
Project("{F2A71F9B-5D33-465A-A702-920D77279786}") = "Arc080C", "Arc080C\Arc080C.fsproj", "{9C84A09F-0EA0-4ADB-BF4A-A2C34369F22B}"
EndProject
Project("{F2A71F9B-5D33-465A-A702-920D77279786}") = "Arc099C", "Arc099C\Arc099C.fsproj", "{7EA0C574-E1BE-4FDC-BCE9-BF2A2A9354A8}"
EndProject
Project("{F2A71F9B-5D33-465A-A702-920D77279786}") = "Abc082B", "Abc082B\Abc082B.fsproj", "{24D58AC5-A2F8-4DFF-969A-6BDE91D9FE10}"
EndProject
Project("{F2A71F9B-5D33-465A-A702-920D77279786}") = "Arc015B", "Arc015B\Arc015B.fsproj", "{12507ED0-FC36-491F-B12F-89F6EB3A16E2}"
EndProject
Project("{F2A71F9B-5D33-465A-A702-920D77279786}") = "Abc117C", "Abc117C\Abc117C.fsproj", "{E6EA9AC9-163F-4518-971E-8A01E40F4E35}"
EndProject
Project("{F2A71F9B-5D33-465A-A702-920D77279786}") = "Abc109C", "Abc109C\Abc109C.fsproj", "{B4F5D7B3-C0EB-478C-BDFA-D7655AABE05A}"
EndProject
Project("{F2A71F9B-5D33-465A-A702-920D77279786}") = "test", "test\test.fsproj", "{5AC6163E-DE85-4287-81DC-46CC78B01B26}"
EndProject
Global
	GlobalSection(SolutionConfigurationPlatforms) = preSolution
		Debug|Any CPU = Debug|Any CPU
		Debug|x64 = Debug|x64
		Debug|x86 = Debug|x86
		Release|Any CPU = Release|Any CPU
		Release|x64 = Release|x64
		Release|x86 = Release|x86
	EndGlobalSection
	GlobalSection(SolutionProperties) = preSolution
		HideSolutionNode = FALSE
	EndGlobalSection
	GlobalSection(ProjectConfigurationPlatforms) = postSolution
		{85A19A23-146E-497B-823A-776F22FEBFF3}.Debug|Any CPU.ActiveCfg = Debug|Any CPU
		{85A19A23-146E-497B-823A-776F22FEBFF3}.Debug|Any CPU.Build.0 = Debug|Any CPU
		{85A19A23-146E-497B-823A-776F22FEBFF3}.Debug|x64.ActiveCfg = Debug|Any CPU
		{85A19A23-146E-497B-823A-776F22FEBFF3}.Debug|x64.Build.0 = Debug|Any CPU
		{85A19A23-146E-497B-823A-776F22FEBFF3}.Debug|x86.ActiveCfg = Debug|Any CPU
		{85A19A23-146E-497B-823A-776F22FEBFF3}.Debug|x86.Build.0 = Debug|Any CPU
		{85A19A23-146E-497B-823A-776F22FEBFF3}.Release|Any CPU.ActiveCfg = Release|Any CPU
		{85A19A23-146E-497B-823A-776F22FEBFF3}.Release|Any CPU.Build.0 = Release|Any CPU
		{85A19A23-146E-497B-823A-776F22FEBFF3}.Release|x64.ActiveCfg = Release|Any CPU
		{85A19A23-146E-497B-823A-776F22FEBFF3}.Release|x64.Build.0 = Release|Any CPU
		{85A19A23-146E-497B-823A-776F22FEBFF3}.Release|x86.ActiveCfg = Release|Any CPU
		{85A19A23-146E-497B-823A-776F22FEBFF3}.Release|x86.Build.0 = Release|Any CPU
		{21FB80A9-49CE-4086-9907-5172F4D21B47}.Debug|Any CPU.ActiveCfg = Debug|Any CPU
		{21FB80A9-49CE-4086-9907-5172F4D21B47}.Debug|Any CPU.Build.0 = Debug|Any CPU
		{21FB80A9-49CE-4086-9907-5172F4D21B47}.Debug|x64.ActiveCfg = Debug|Any CPU
		{21FB80A9-49CE-4086-9907-5172F4D21B47}.Debug|x64.Build.0 = Debug|Any CPU
		{21FB80A9-49CE-4086-9907-5172F4D21B47}.Debug|x86.ActiveCfg = Debug|Any CPU
		{21FB80A9-49CE-4086-9907-5172F4D21B47}.Debug|x86.Build.0 = Debug|Any CPU
		{21FB80A9-49CE-4086-9907-5172F4D21B47}.Release|Any CPU.ActiveCfg = Release|Any CPU
		{21FB80A9-49CE-4086-9907-5172F4D21B47}.Release|Any CPU.Build.0 = Release|Any CPU
		{21FB80A9-49CE-4086-9907-5172F4D21B47}.Release|x64.ActiveCfg = Release|Any CPU
		{21FB80A9-49CE-4086-9907-5172F4D21B47}.Release|x64.Build.0 = Release|Any CPU
		{21FB80A9-49CE-4086-9907-5172F4D21B47}.Release|x86.ActiveCfg = Release|Any CPU
		{21FB80A9-49CE-4086-9907-5172F4D21B47}.Release|x86.Build.0 = Release|Any CPU
		{3A0DD3AC-BC9C-4E5D-83E8-6E928E755CCE}.Debug|Any CPU.ActiveCfg = Debug|Any CPU
		{3A0DD3AC-BC9C-4E5D-83E8-6E928E755CCE}.Debug|Any CPU.Build.0 = Debug|Any CPU
		{3A0DD3AC-BC9C-4E5D-83E8-6E928E755CCE}.Debug|x64.ActiveCfg = Debug|Any CPU
		{3A0DD3AC-BC9C-4E5D-83E8-6E928E755CCE}.Debug|x64.Build.0 = Debug|Any CPU
		{3A0DD3AC-BC9C-4E5D-83E8-6E928E755CCE}.Debug|x86.ActiveCfg = Debug|Any CPU
		{3A0DD3AC-BC9C-4E5D-83E8-6E928E755CCE}.Debug|x86.Build.0 = Debug|Any CPU
		{3A0DD3AC-BC9C-4E5D-83E8-6E928E755CCE}.Release|Any CPU.ActiveCfg = Release|Any CPU
		{3A0DD3AC-BC9C-4E5D-83E8-6E928E755CCE}.Release|Any CPU.Build.0 = Release|Any CPU
		{3A0DD3AC-BC9C-4E5D-83E8-6E928E755CCE}.Release|x64.ActiveCfg = Release|Any CPU
		{3A0DD3AC-BC9C-4E5D-83E8-6E928E755CCE}.Release|x64.Build.0 = Release|Any CPU
		{3A0DD3AC-BC9C-4E5D-83E8-6E928E755CCE}.Release|x86.ActiveCfg = Release|Any CPU
		{3A0DD3AC-BC9C-4E5D-83E8-6E928E755CCE}.Release|x86.Build.0 = Release|Any CPU
		{B459A191-35B6-4C3D-A062-AC56B64CC43C}.Debug|Any CPU.ActiveCfg = Debug|Any CPU
		{B459A191-35B6-4C3D-A062-AC56B64CC43C}.Debug|Any CPU.Build.0 = Debug|Any CPU
		{B459A191-35B6-4C3D-A062-AC56B64CC43C}.Debug|x64.ActiveCfg = Debug|Any CPU
		{B459A191-35B6-4C3D-A062-AC56B64CC43C}.Debug|x64.Build.0 = Debug|Any CPU
		{B459A191-35B6-4C3D-A062-AC56B64CC43C}.Debug|x86.ActiveCfg = Debug|Any CPU
		{B459A191-35B6-4C3D-A062-AC56B64CC43C}.Debug|x86.Build.0 = Debug|Any CPU
		{B459A191-35B6-4C3D-A062-AC56B64CC43C}.Release|Any CPU.ActiveCfg = Release|Any CPU
		{B459A191-35B6-4C3D-A062-AC56B64CC43C}.Release|Any CPU.Build.0 = Release|Any CPU
		{B459A191-35B6-4C3D-A062-AC56B64CC43C}.Release|x64.ActiveCfg = Release|Any CPU
		{B459A191-35B6-4C3D-A062-AC56B64CC43C}.Release|x64.Build.0 = Release|Any CPU
		{B459A191-35B6-4C3D-A062-AC56B64CC43C}.Release|x86.ActiveCfg = Release|Any CPU
		{B459A191-35B6-4C3D-A062-AC56B64CC43C}.Release|x86.Build.0 = Release|Any CPU
		{9C84A09F-0EA0-4ADB-BF4A-A2C34369F22B}.Debug|Any CPU.ActiveCfg = Debug|Any CPU
		{9C84A09F-0EA0-4ADB-BF4A-A2C34369F22B}.Debug|Any CPU.Build.0 = Debug|Any CPU
		{9C84A09F-0EA0-4ADB-BF4A-A2C34369F22B}.Debug|x64.ActiveCfg = Debug|Any CPU
		{9C84A09F-0EA0-4ADB-BF4A-A2C34369F22B}.Debug|x64.Build.0 = Debug|Any CPU
		{9C84A09F-0EA0-4ADB-BF4A-A2C34369F22B}.Debug|x86.ActiveCfg = Debug|Any CPU
		{9C84A09F-0EA0-4ADB-BF4A-A2C34369F22B}.Debug|x86.Build.0 = Debug|Any CPU
		{9C84A09F-0EA0-4ADB-BF4A-A2C34369F22B}.Release|Any CPU.ActiveCfg = Release|Any CPU
		{9C84A09F-0EA0-4ADB-BF4A-A2C34369F22B}.Release|Any CPU.Build.0 = Release|Any CPU
		{9C84A09F-0EA0-4ADB-BF4A-A2C34369F22B}.Release|x64.ActiveCfg = Release|Any CPU
		{9C84A09F-0EA0-4ADB-BF4A-A2C34369F22B}.Release|x64.Build.0 = Release|Any CPU
		{9C84A09F-0EA0-4ADB-BF4A-A2C34369F22B}.Release|x86.ActiveCfg = Release|Any CPU
		{9C84A09F-0EA0-4ADB-BF4A-A2C34369F22B}.Release|x86.Build.0 = Release|Any CPU
		{7EA0C574-E1BE-4FDC-BCE9-BF2A2A9354A8}.Debug|Any CPU.ActiveCfg = Debug|Any CPU
		{7EA0C574-E1BE-4FDC-BCE9-BF2A2A9354A8}.Debug|Any CPU.Build.0 = Debug|Any CPU
		{7EA0C574-E1BE-4FDC-BCE9-BF2A2A9354A8}.Debug|x64.ActiveCfg = Debug|Any CPU
		{7EA0C574-E1BE-4FDC-BCE9-BF2A2A9354A8}.Debug|x64.Build.0 = Debug|Any CPU
		{7EA0C574-E1BE-4FDC-BCE9-BF2A2A9354A8}.Debug|x86.ActiveCfg = Debug|Any CPU
		{7EA0C574-E1BE-4FDC-BCE9-BF2A2A9354A8}.Debug|x86.Build.0 = Debug|Any CPU
		{7EA0C574-E1BE-4FDC-BCE9-BF2A2A9354A8}.Release|Any CPU.ActiveCfg = Release|Any CPU
		{7EA0C574-E1BE-4FDC-BCE9-BF2A2A9354A8}.Release|Any CPU.Build.0 = Release|Any CPU
		{7EA0C574-E1BE-4FDC-BCE9-BF2A2A9354A8}.Release|x64.ActiveCfg = Release|Any CPU
		{7EA0C574-E1BE-4FDC-BCE9-BF2A2A9354A8}.Release|x64.Build.0 = Release|Any CPU
		{7EA0C574-E1BE-4FDC-BCE9-BF2A2A9354A8}.Release|x86.ActiveCfg = Release|Any CPU
		{7EA0C574-E1BE-4FDC-BCE9-BF2A2A9354A8}.Release|x86.Build.0 = Release|Any CPU
		{24D58AC5-A2F8-4DFF-969A-6BDE91D9FE10}.Debug|Any CPU.ActiveCfg = Debug|Any CPU
		{24D58AC5-A2F8-4DFF-969A-6BDE91D9FE10}.Debug|Any CPU.Build.0 = Debug|Any CPU
		{24D58AC5-A2F8-4DFF-969A-6BDE91D9FE10}.Debug|x64.ActiveCfg = Debug|Any CPU
		{24D58AC5-A2F8-4DFF-969A-6BDE91D9FE10}.Debug|x64.Build.0 = Debug|Any CPU
		{24D58AC5-A2F8-4DFF-969A-6BDE91D9FE10}.Debug|x86.ActiveCfg = Debug|Any CPU
		{24D58AC5-A2F8-4DFF-969A-6BDE91D9FE10}.Debug|x86.Build.0 = Debug|Any CPU
		{24D58AC5-A2F8-4DFF-969A-6BDE91D9FE10}.Release|Any CPU.ActiveCfg = Release|Any CPU
		{24D58AC5-A2F8-4DFF-969A-6BDE91D9FE10}.Release|Any CPU.Build.0 = Release|Any CPU
		{24D58AC5-A2F8-4DFF-969A-6BDE91D9FE10}.Release|x64.ActiveCfg = Release|Any CPU
		{24D58AC5-A2F8-4DFF-969A-6BDE91D9FE10}.Release|x64.Build.0 = Release|Any CPU
		{24D58AC5-A2F8-4DFF-969A-6BDE91D9FE10}.Release|x86.ActiveCfg = Release|Any CPU
		{24D58AC5-A2F8-4DFF-969A-6BDE91D9FE10}.Release|x86.Build.0 = Release|Any CPU
		{12507ED0-FC36-491F-B12F-89F6EB3A16E2}.Debug|Any CPU.ActiveCfg = Debug|Any CPU
		{12507ED0-FC36-491F-B12F-89F6EB3A16E2}.Debug|Any CPU.Build.0 = Debug|Any CPU
		{12507ED0-FC36-491F-B12F-89F6EB3A16E2}.Debug|x64.ActiveCfg = Debug|Any CPU
		{12507ED0-FC36-491F-B12F-89F6EB3A16E2}.Debug|x64.Build.0 = Debug|Any CPU
		{12507ED0-FC36-491F-B12F-89F6EB3A16E2}.Debug|x86.ActiveCfg = Debug|Any CPU
		{12507ED0-FC36-491F-B12F-89F6EB3A16E2}.Debug|x86.Build.0 = Debug|Any CPU
		{12507ED0-FC36-491F-B12F-89F6EB3A16E2}.Release|Any CPU.ActiveCfg = Release|Any CPU
		{12507ED0-FC36-491F-B12F-89F6EB3A16E2}.Release|Any CPU.Build.0 = Release|Any CPU
		{12507ED0-FC36-491F-B12F-89F6EB3A16E2}.Release|x64.ActiveCfg = Release|Any CPU
		{12507ED0-FC36-491F-B12F-89F6EB3A16E2}.Release|x64.Build.0 = Release|Any CPU
		{12507ED0-FC36-491F-B12F-89F6EB3A16E2}.Release|x86.ActiveCfg = Release|Any CPU
		{12507ED0-FC36-491F-B12F-89F6EB3A16E2}.Release|x86.Build.0 = Release|Any CPU
		{E6EA9AC9-163F-4518-971E-8A01E40F4E35}.Debug|Any CPU.ActiveCfg = Debug|Any CPU
		{E6EA9AC9-163F-4518-971E-8A01E40F4E35}.Debug|Any CPU.Build.0 = Debug|Any CPU
		{E6EA9AC9-163F-4518-971E-8A01E40F4E35}.Debug|x64.ActiveCfg = Debug|Any CPU
		{E6EA9AC9-163F-4518-971E-8A01E40F4E35}.Debug|x64.Build.0 = Debug|Any CPU
		{E6EA9AC9-163F-4518-971E-8A01E40F4E35}.Debug|x86.ActiveCfg = Debug|Any CPU
		{E6EA9AC9-163F-4518-971E-8A01E40F4E35}.Debug|x86.Build.0 = Debug|Any CPU
		{E6EA9AC9-163F-4518-971E-8A01E40F4E35}.Release|Any CPU.ActiveCfg = Release|Any CPU
		{E6EA9AC9-163F-4518-971E-8A01E40F4E35}.Release|Any CPU.Build.0 = Release|Any CPU
		{E6EA9AC9-163F-4518-971E-8A01E40F4E35}.Release|x64.ActiveCfg = Release|Any CPU
		{E6EA9AC9-163F-4518-971E-8A01E40F4E35}.Release|x64.Build.0 = Release|Any CPU
		{E6EA9AC9-163F-4518-971E-8A01E40F4E35}.Release|x86.ActiveCfg = Release|Any CPU
		{E6EA9AC9-163F-4518-971E-8A01E40F4E35}.Release|x86.Build.0 = Release|Any CPU
		{B4F5D7B3-C0EB-478C-BDFA-D7655AABE05A}.Debug|Any CPU.ActiveCfg = Debug|Any CPU
		{B4F5D7B3-C0EB-478C-BDFA-D7655AABE05A}.Debug|Any CPU.Build.0 = Debug|Any CPU
		{B4F5D7B3-C0EB-478C-BDFA-D7655AABE05A}.Debug|x64.ActiveCfg = Debug|Any CPU
		{B4F5D7B3-C0EB-478C-BDFA-D7655AABE05A}.Debug|x64.Build.0 = Debug|Any CPU
		{B4F5D7B3-C0EB-478C-BDFA-D7655AABE05A}.Debug|x86.ActiveCfg = Debug|Any CPU
		{B4F5D7B3-C0EB-478C-BDFA-D7655AABE05A}.Debug|x86.Build.0 = Debug|Any CPU
		{B4F5D7B3-C0EB-478C-BDFA-D7655AABE05A}.Release|Any CPU.ActiveCfg = Release|Any CPU
		{B4F5D7B3-C0EB-478C-BDFA-D7655AABE05A}.Release|Any CPU.Build.0 = Release|Any CPU
		{B4F5D7B3-C0EB-478C-BDFA-D7655AABE05A}.Release|x64.ActiveCfg = Release|Any CPU
		{B4F5D7B3-C0EB-478C-BDFA-D7655AABE05A}.Release|x64.Build.0 = Release|Any CPU
		{B4F5D7B3-C0EB-478C-BDFA-D7655AABE05A}.Release|x86.ActiveCfg = Release|Any CPU
		{B4F5D7B3-C0EB-478C-BDFA-D7655AABE05A}.Release|x86.Build.0 = Release|Any CPU
		{5AC6163E-DE85-4287-81DC-46CC78B01B26}.Debug|Any CPU.ActiveCfg = Debug|Any CPU
		{5AC6163E-DE85-4287-81DC-46CC78B01B26}.Debug|Any CPU.Build.0 = Debug|Any CPU
		{5AC6163E-DE85-4287-81DC-46CC78B01B26}.Debug|x64.ActiveCfg = Debug|Any CPU
		{5AC6163E-DE85-4287-81DC-46CC78B01B26}.Debug|x64.Build.0 = Debug|Any CPU
		{5AC6163E-DE85-4287-81DC-46CC78B01B26}.Debug|x86.ActiveCfg = Debug|Any CPU
		{5AC6163E-DE85-4287-81DC-46CC78B01B26}.Debug|x86.Build.0 = Debug|Any CPU
		{5AC6163E-DE85-4287-81DC-46CC78B01B26}.Release|Any CPU.ActiveCfg = Release|Any CPU
		{5AC6163E-DE85-4287-81DC-46CC78B01B26}.Release|Any CPU.Build.0 = Release|Any CPU
		{5AC6163E-DE85-4287-81DC-46CC78B01B26}.Release|x64.ActiveCfg = Release|Any CPU
		{5AC6163E-DE85-4287-81DC-46CC78B01B26}.Release|x64.Build.0 = Release|Any CPU
		{5AC6163E-DE85-4287-81DC-46CC78B01B26}.Release|x86.ActiveCfg = Release|Any CPU
		{5AC6163E-DE85-4287-81DC-46CC78B01B26}.Release|x86.Build.0 = Release|Any CPU
	EndGlobalSection
EndGlobal
